// !$*UTF8*$!
{
	archiveVersion = 1;
	classes = {
	};
	objectVersion = 77;
	objects = {

/* Begin PBXBuildFile section */
		920A78F22DDE4CE500A7BC99 /* WidgetKit.framework in Frameworks */ = {isa = PBXBuildFile; fileRef = 920A78F12DDE4CE500A7BC99 /* WidgetKit.framework */; };
		920A78F42DDE4CE500A7BC99 /* SwiftUI.framework in Frameworks */ = {isa = PBXBuildFile; fileRef = 920A78F32DDE4CE500A7BC99 /* SwiftUI.framework */; };
		920A79052DDE4CE600A7BC99 /* CartoonMeWidgetExtension.appex in Embed Foundation Extensions */ = {isa = PBXBuildFile; fileRef = 920A78EF2DDE4CE500A7BC99 /* CartoonMeWidgetExtension.appex */; settings = {ATTRIBUTES = (RemoveHeadersOnCopy, ); }; };
		929E54FA2DF4A140005F2B42 /* GoogleMobileAds in Frameworks */ = {isa = PBXBuildFile; productRef = 929E54F92DF4A140005F2B42 /* GoogleMobileAds */; };
/* End PBXBuildFile section */

/* Begin PBXContainerItemProxy section */
		920A79032DDE4CE600A7BC99 /* PBXContainerItemProxy */ = {
			isa = PBXContainerItemProxy;
			containerPortal = 92FB79552DA7C7200090DB07 /* Project object */;
			proxyType = 1;
			remoteGlobalIDString = 920A78EE2DDE4CE500A7BC99;
			remoteInfo = CartoonMeWidgetExtension;
		};
		92FB796E2DA7C7220090DB07 /* PBXContainerItemProxy */ = {
			isa = PBXContainerItemProxy;
			containerPortal = 92FB79552DA7C7200090DB07 /* Project object */;
			proxyType = 1;
			remoteGlobalIDString = 92FB795C2DA7C7200090DB07;
			remoteInfo = CartoonMe;
		};
		92FB79782DA7C7220090DB07 /* PBXContainerItemProxy */ = {
			isa = PBXContainerItemProxy;
			containerPortal = 92FB79552DA7C7200090DB07 /* Project object */;
			proxyType = 1;
			remoteGlobalIDString = 92FB795C2DA7C7200090DB07;
			remoteInfo = CartoonMe;
		};
/* End PBXContainerItemProxy section */

/* Begin PBXCopyFilesBuildPhase section */
		920A79062DDE4CE600A7BC99 /* Embed Foundation Extensions */ = {
			isa = PBXCopyFilesBuildPhase;
			buildActionMask = 2147483647;
			dstPath = "";
			dstSubfolderSpec = 13;
			files = (
				920A79052DDE4CE600A7BC99 /* CartoonMeWidgetExtension.appex in Embed Foundation Extensions */,
			);
			name = "Embed Foundation Extensions";
			runOnlyForDeploymentPostprocessing = 0;
		};
/* End PBXCopyFilesBuildPhase section */

/* Begin PBXFileReference section */
		920A78EF2DDE4CE500A7BC99 /* CartoonMeWidgetExtension.appex */ = {isa = PBXFileReference; explicitFileType = "wrapper.app-extension"; includeInIndex = 0; path = CartoonMeWidgetExtension.appex; sourceTree = BUILT_PRODUCTS_DIR; };
		920A78F12DDE4CE500A7BC99 /* WidgetKit.framework */ = {isa = PBXFileReference; lastKnownFileType = wrapper.framework; name = WidgetKit.framework; path = System/Library/Frameworks/WidgetKit.framework; sourceTree = SDKROOT; };
		920A78F32DDE4CE500A7BC99 /* SwiftUI.framework */ = {isa = PBXFileReference; lastKnownFileType = wrapper.framework; name = SwiftUI.framework; path = System/Library/Frameworks/SwiftUI.framework; sourceTree = SDKROOT; };
		92FB795D2DA7C7200090DB07 /* CartoonMe.app */ = {isa = PBXFileReference; explicitFileType = wrapper.application; includeInIndex = 0; path = CartoonMe.app; sourceTree = BUILT_PRODUCTS_DIR; };
		92FB796D2DA7C7220090DB07 /* CartoonMeTests.xctest */ = {isa = PBXFileReference; explicitFileType = wrapper.cfbundle; includeInIndex = 0; path = CartoonMeTests.xctest; sourceTree = BUILT_PRODUCTS_DIR; };
		92FB79772DA7C7220090DB07 /* CartoonMeUITests.xctest */ = {isa = PBXFileReference; explicitFileType = wrapper.cfbundle; includeInIndex = 0; path = CartoonMeUITests.xctest; sourceTree = BUILT_PRODUCTS_DIR; };
/* End PBXFileReference section */

/* Begin PBXFileSystemSynchronizedBuildFileExceptionSet section */
		920A79092DDE4CE600A7BC99 /* Exceptions for "CartoonMeWidget" folder in "CartoonMeWidgetExtension" target */ = {
			isa = PBXFileSystemSynchronizedBuildFileExceptionSet;
			membershipExceptions = (
				Info.plist,
			);
			target = 920A78EE2DDE4CE500A7BC99 /* CartoonMeWidgetExtension */;
		};
		920A790C2DDE4D5200A7BC99 /* Exceptions for "CartoonMe" folder in "CartoonMeWidgetExtension" target */ = {
			isa = PBXFileSystemSynchronizedBuildFileExceptionSet;
			membershipExceptions = (
				CartoonMeWidget.swift,
				Models/CartoonProcessingActivity.swift,
				Views/DynamicIslandViews.swift,
			);
			target = 920A78EE2DDE4CE500A7BC99 /* CartoonMeWidgetExtension */;
		};
		920A790D2DDE4D5300A7BC99 /* Exceptions for "CartoonMe" folder in "CartoonMe" target */ = {
			isa = PBXFileSystemSynchronizedBuildFileExceptionSet;
			membershipExceptions = (
				CartoonMeWidget.swift,
				Info.plist,
				Views/DynamicIslandViews.swift,
			);
			target = 92FB795C2DA7C7200090DB07 /* CartoonMe */;
		};
/* End PBXFileSystemSynchronizedBuildFileExceptionSet section */

/* Begin PBXFileSystemSynchronizedRootGroup section */
		920A78F52DDE4CE500A7BC99 /* CartoonMeWidget */ = {
			isa = PBXFileSystemSynchronizedRootGroup;
			exceptions = (
				920A79092DDE4CE600A7BC99 /* Exceptions for "CartoonMeWidget" folder in "CartoonMeWidgetExtension" target */,
			);
			path = CartoonMeWidget;
			sourceTree = "<group>";
		};
		92FB795F2DA7C7200090DB07 /* CartoonMe */ = {
			isa = PBXFileSystemSynchronizedRootGroup;
			exceptions = (
				920A790D2DDE4D5300A7BC99 /* Exceptions for "CartoonMe" folder in "CartoonMe" target */,
				920A790C2DDE4D5200A7BC99 /* Exceptions for "CartoonMe" folder in "CartoonMeWidgetExtension" target */,
			);
			path = CartoonMe;
			sourceTree = "<group>";
		};
		92FB79702DA7C7220090DB07 /* CartoonMeTests */ = {
			isa = PBXFileSystemSynchronizedRootGroup;
			path = CartoonMeTests;
			sourceTree = "<group>";
		};
		92FB797A2DA7C7220090DB07 /* CartoonMeUITests */ = {
			isa = PBXFileSystemSynchronizedRootGroup;
			path = CartoonMeUITests;
			sourceTree = "<group>";
		};
/* End PBXFileSystemSynchronizedRootGroup section */

/* Begin PBXFrameworksBuildPhase section */
		920A78EC2DDE4CE500A7BC99 /* Frameworks */ = {
			isa = PBXFrameworksBuildPhase;
			buildActionMask = 2147483647;
			files = (
				920A78F42DDE4CE500A7BC99 /* SwiftUI.framework in Frameworks */,
				920A78F22DDE4CE500A7BC99 /* WidgetKit.framework in Frameworks */,
			);
			runOnlyForDeploymentPostprocessing = 0;
		};
		92FB795A2DA7C7200090DB07 /* Frameworks */ = {
			isa = PBXFrameworksBuildPhase;
			buildActionMask = 2147483647;
			files = (
				929E54FA2DF4A140005F2B42 /* GoogleMobileAds in Frameworks */,
			);
			runOnlyForDeploymentPostprocessing = 0;
		};
		92FB796A2DA7C7220090DB07 /* Frameworks */ = {
			isa = PBXFrameworksBuildPhase;
			buildActionMask = 2147483647;
			files = (
			);
			runOnlyForDeploymentPostprocessing = 0;
		};
		92FB79742DA7C7220090DB07 /* Frameworks */ = {
			isa = PBXFrameworksBuildPhase;
			buildActionMask = 2147483647;
			files = (
			);
			runOnlyForDeploymentPostprocessing = 0;
		};
/* End PBXFrameworksBuildPhase section */

/* Begin PBXGroup section */
		920A78F02DDE4CE500A7BC99 /* Frameworks */ = {
			isa = PBXGroup;
			children = (
				920A78F12DDE4CE500A7BC99 /* WidgetKit.framework */,
				920A78F32DDE4CE500A7BC99 /* SwiftUI.framework */,
			);
			name = Frameworks;
			sourceTree = "<group>";
		};
		92FB79542DA7C7200090DB07 = {
			isa = PBXGroup;
			children = (
				92FB795F2DA7C7200090DB07 /* CartoonMe */,
				92FB79702DA7C7220090DB07 /* CartoonMeTests */,
				92FB797A2DA7C7220090DB07 /* CartoonMeUITests */,
				920A78F52DDE4CE500A7BC99 /* CartoonMeWidget */,
				920A78F02DDE4CE500A7BC99 /* Frameworks */,
				92FB795E2DA7C7200090DB07 /* Products */,
			);
			sourceTree = "<group>";
		};
		92FB795E2DA7C7200090DB07 /* Products */ = {
			isa = PBXGroup;
			children = (
				92FB795D2DA7C7200090DB07 /* CartoonMe.app */,
				92FB796D2DA7C7220090DB07 /* CartoonMeTests.xctest */,
				92FB79772DA7C7220090DB07 /* CartoonMeUITests.xctest */,
				920A78EF2DDE4CE500A7BC99 /* CartoonMeWidgetExtension.appex */,
			);
			name = Products;
			sourceTree = "<group>";
		};
/* End PBXGroup section */

/* Begin PBXNativeTarget section */
		920A78EE2DDE4CE500A7BC99 /* CartoonMeWidgetExtension */ = {
			isa = PBXNativeTarget;
			buildConfigurationList = 920A790A2DDE4CE600A7BC99 /* Build configuration list for PBXNativeTarget "CartoonMeWidgetExtension" */;
			buildPhases = (
				920A78EB2DDE4CE500A7BC99 /* Sources */,
				920A78EC2DDE4CE500A7BC99 /* Frameworks */,
				920A78ED2DDE4CE500A7BC99 /* Resources */,
			);
			buildRules = (
			);
			dependencies = (
			);
			fileSystemSynchronizedGroups = (
				920A78F52DDE4CE500A7BC99 /* CartoonMeWidget */,
			);
			name = CartoonMeWidgetExtension;
			packageProductDependencies = (
			);
			productName = CartoonMeWidgetExtension;
			productReference = 920A78EF2DDE4CE500A7BC99 /* CartoonMeWidgetExtension.appex */;
			productType = "com.apple.product-type.app-extension";
		};
		92FB795C2DA7C7200090DB07 /* CartoonMe */ = {
			isa = PBXNativeTarget;
			buildConfigurationList = 92FB79812DA7C7220090DB07 /* Build configuration list for PBXNativeTarget "CartoonMe" */;
			buildPhases = (
				92FB79592DA7C7200090DB07 /* Sources */,
				92FB795A2DA7C7200090DB07 /* Frameworks */,
				92FB795B2DA7C7200090DB07 /* Resources */,
				920A79062DDE4CE600A7BC99 /* Embed Foundation Extensions */,
			);
			buildRules = (
			);
			dependencies = (
				920A79042DDE4CE600A7BC99 /* PBXTargetDependency */,
			);
			fileSystemSynchronizedGroups = (
				92FB795F2DA7C7200090DB07 /* CartoonMe */,
			);
			name = CartoonMe;
			packageProductDependencies = (
				929E54F92DF4A140005F2B42 /* GoogleMobileAds */,
			);
			productName = CartoonMe;
			productReference = 92FB795D2DA7C7200090DB07 /* CartoonMe.app */;
			productType = "com.apple.product-type.application";
		};
		92FB796C2DA7C7220090DB07 /* CartoonMeTests */ = {
			isa = PBXNativeTarget;
			buildConfigurationList = 92FB79842DA7C7220090DB07 /* Build configuration list for PBXNativeTarget "CartoonMeTests" */;
			buildPhases = (
				92FB79692DA7C7220090DB07 /* Sources */,
				92FB796A2DA7C7220090DB07 /* Frameworks */,
				92FB796B2DA7C7220090DB07 /* Resources */,
			);
			buildRules = (
			);
			dependencies = (
				92FB796F2DA7C7220090DB07 /* PBXTargetDependency */,
			);
			fileSystemSynchronizedGroups = (
				92FB79702DA7C7220090DB07 /* CartoonMeTests */,
			);
			name = CartoonMeTests;
			packageProductDependencies = (
			);
			productName = CartoonMeTests;
			productReference = 92FB796D2DA7C7220090DB07 /* CartoonMeTests.xctest */;
			productType = "com.apple.product-type.bundle.unit-test";
		};
		92FB79762DA7C7220090DB07 /* CartoonMeUITests */ = {
			isa = PBXNativeTarget;
			buildConfigurationList = 92FB79872DA7C7220090DB07 /* Build configuration list for PBXNativeTarget "CartoonMeUITests" */;
			buildPhases = (
				92FB79732DA7C7220090DB07 /* Sources */,
				92FB79742DA7C7220090DB07 /* Frameworks */,
				92FB79752DA7C7220090DB07 /* Resources */,
			);
			buildRules = (
			);
			dependencies = (
				92FB79792DA7C7220090DB07 /* PBXTargetDependency */,
			);
			fileSystemSynchronizedGroups = (
				92FB797A2DA7C7220090DB07 /* CartoonMeUITests */,
			);
			name = CartoonMeUITests;
			packageProductDependencies = (
			);
			productName = CartoonMeUITests;
			productReference = 92FB79772DA7C7220090DB07 /* CartoonMeUITests.xctest */;
			productType = "com.apple.product-type.bundle.ui-testing";
		};
/* End PBXNativeTarget section */

/* Begin PBXProject section */
		92FB79552DA7C7200090DB07 /* Project object */ = {
			isa = PBXProject;
			attributes = {
				BuildIndependentTargetsInParallel = 1;
				LastSwiftUpdateCheck = 1620;
				LastUpgradeCheck = 1620;
				TargetAttributes = {
					920A78EE2DDE4CE500A7BC99 = {
						CreatedOnToolsVersion = 16.2;
					};
					92FB795C2DA7C7200090DB07 = {
						CreatedOnToolsVersion = 16.2;
					};
					92FB796C2DA7C7220090DB07 = {
						CreatedOnToolsVersion = 16.2;
						TestTargetID = 92FB795C2DA7C7200090DB07;
					};
					92FB79762DA7C7220090DB07 = {
						CreatedOnToolsVersion = 16.2;
						TestTargetID = 92FB795C2DA7C7200090DB07;
					};
				};
			};
			buildConfigurationList = 92FB79582DA7C7200090DB07 /* Build configuration list for PBXProject "CartoonMe" */;
			developmentRegion = en;
			hasScannedForEncodings = 0;
			knownRegions = (
				en,
				Base,
				es,
				fr,
				de,
			);
			mainGroup = 92FB79542DA7C7200090DB07;
			minimizedProjectReferenceProxies = 1;
			packageReferences = (
				929E54F82DF4A140005F2B42 /* XCRemoteSwiftPackageReference "swift-package-manager-google-mobile-ads" */,
			);
			preferredProjectObjectVersion = 77;
			productRefGroup = 92FB795E2DA7C7200090DB07 /* Products */;
			projectDirPath = "";
			projectRoot = "";
			targets = (
				92FB795C2DA7C7200090DB07 /* CartoonMe */,
				92FB796C2DA7C7220090DB07 /* CartoonMeTests */,
				92FB79762DA7C7220090DB07 /* CartoonMeUITests */,
				920A78EE2DDE4CE500A7BC99 /* CartoonMeWidgetExtension */,
			);
		};
/* End PBXProject section */

/* Begin PBXResourcesBuildPhase section */
		920A78ED2DDE4CE500A7BC99 /* Resources */ = {
			isa = PBXResourcesBuildPhase;
			buildActionMask = 2147483647;
			files = (
			);
			runOnlyForDeploymentPostprocessing = 0;
		};
		92FB795B2DA7C7200090DB07 /* Resources */ = {
			isa = PBXResourcesBuildPhase;
			buildActionMask = 2147483647;
			files = (
			);
			runOnlyForDeploymentPostprocessing = 0;
		};
		92FB796B2DA7C7220090DB07 /* Resources */ = {
			isa = PBXResourcesBuildPhase;
			buildActionMask = 2147483647;
			files = (
			);
			runOnlyForDeploymentPostprocessing = 0;
		};
		92FB79752DA7C7220090DB07 /* Resources */ = {
			isa = PBXResourcesBuildPhase;
			buildActionMask = 2147483647;
			files = (
			);
			runOnlyForDeploymentPostprocessing = 0;
		};
/* End PBXResourcesBuildPhase section */

/* Begin PBXSourcesBuildPhase section */
		920A78EB2DDE4CE500A7BC99 /* Sources */ = {
			isa = PBXSourcesBuildPhase;
			buildActionMask = 2147483647;
			files = (
			);
			runOnlyForDeploymentPostprocessing = 0;
		};
		92FB79592DA7C7200090DB07 /* Sources */ = {
			isa = PBXSourcesBuildPhase;
			buildActionMask = 2147483647;
			files = (
			);
			runOnlyForDeploymentPostprocessing = 0;
		};
		92FB79692DA7C7220090DB07 /* Sources */ = {
			isa = PBXSourcesBuildPhase;
			buildActionMask = 2147483647;
			files = (
			);
			runOnlyForDeploymentPostprocessing = 0;
		};
		92FB79732DA7C7220090DB07 /* Sources */ = {
			isa = PBXSourcesBuildPhase;
			buildActionMask = 2147483647;
			files = (
			);
			runOnlyForDeploymentPostprocessing = 0;
		};
/* End PBXSourcesBuildPhase section */

/* Begin PBXTargetDependency section */
		920A79042DDE4CE600A7BC99 /* PBXTargetDependency */ = {
			isa = PBXTargetDependency;
			target = 920A78EE2DDE4CE500A7BC99 /* CartoonMeWidgetExtension */;
			targetProxy = 920A79032DDE4CE600A7BC99 /* PBXContainerItemProxy */;
		};
		92FB796F2DA7C7220090DB07 /* PBXTargetDependency */ = {
			isa = PBXTargetDependency;
			target = 92FB795C2DA7C7200090DB07 /* CartoonMe */;
			targetProxy = 92FB796E2DA7C7220090DB07 /* PBXContainerItemProxy */;
		};
		92FB79792DA7C7220090DB07 /* PBXTargetDependency */ = {
			isa = PBXTargetDependency;
			target = 92FB795C2DA7C7200090DB07 /* CartoonMe */;
			targetProxy = 92FB79782DA7C7220090DB07 /* PBXContainerItemProxy */;
		};
/* End PBXTargetDependency section */

/* Begin XCBuildConfiguration section */
		920A79072DDE4CE600A7BC99 /* Debug */ = {
			isa = XCBuildConfiguration;
			buildSettings = {
				ASSETCATALOG_COMPILER_GLOBAL_ACCENT_COLOR_NAME = AccentColor;
				ASSETCATALOG_COMPILER_WIDGET_BACKGROUND_COLOR_NAME = WidgetBackground;
				CODE_SIGN_STYLE = Automatic;
				CURRENT_PROJECT_VERSION = 1;
				DEVELOPMENT_TEAM = ZT829445M9;
				GENERATE_INFOPLIST_FILE = YES;
				INFOPLIST_FILE = CartoonMeWidget/Info.plist;
				INFOPLIST_KEY_CFBundleDisplayName = CartoonMeWidget;
				INFOPLIST_KEY_NSHumanReadableCopyright = "";
				LD_RUNPATH_SEARCH_PATHS = (
					"$(inherited)",
					"@executable_path/Frameworks",
					"@executable_path/../../Frameworks",
				);
				MARKETING_VERSION = 1.0;
				PRODUCT_BUNDLE_IDENTIFIER = com.YuriPetrosyan.CartoonMe.CartoonMeWidget;
				PRODUCT_NAME = "$(TARGET_NAME)";
				SKIP_INSTALL = YES;
				SWIFT_EMIT_LOC_STRINGS = YES;
				SWIFT_VERSION = 5.0;
				TARGETED_DEVICE_FAMILY = "1,2";
			};
			name = Debug;
		};
		920A79082DDE4CE600A7BC99 /* Release */ = {
			isa = XCBuildConfiguration;
			buildSettings = {
				ASSETCATALOG_COMPILER_GLOBAL_ACCENT_COLOR_NAME = AccentColor;
				ASSETCATALOG_COMPILER_WIDGET_BACKGROUND_COLOR_NAME = WidgetBackground;
				CODE_SIGN_STYLE = Automatic;
				CURRENT_PROJECT_VERSION = 1;
				DEVELOPMENT_TEAM = ZT829445M9;
				GENERATE_INFOPLIST_FILE = YES;
				INFOPLIST_FILE = CartoonMeWidget/Info.plist;
				INFOPLIST_KEY_CFBundleDisplayName = CartoonMeWidget;
				INFOPLIST_KEY_NSHumanReadableCopyright = "";
				LD_RUNPATH_SEARCH_PATHS = (
					"$(inherited)",
					"@executable_path/Frameworks",
					"@executable_path/../../Frameworks",
				);
				MARKETING_VERSION = 1.0;
				PRODUCT_BUNDLE_IDENTIFIER = com.YuriPetrosyan.CartoonMe.CartoonMeWidget;
				PRODUCT_NAME = "$(TARGET_NAME)";
				SKIP_INSTALL = YES;
				SWIFT_EMIT_LOC_STRINGS = YES;
				SWIFT_VERSION = 5.0;
				TARGETED_DEVICE_FAMILY = "1,2";
			};
			name = Release;
		};
		92FB797F2DA7C7220090DB07 /* Debug */ = {
			isa = XCBuildConfiguration;
			buildSettings = {
				ALWAYS_SEARCH_USER_PATHS = NO;
				ASSETCATALOG_COMPILER_GENERATE_SWIFT_ASSET_SYMBOL_EXTENSIONS = YES;
				CLANG_ANALYZER_NONNULL = YES;
				CLANG_ANALYZER_NUMBER_OBJECT_CONVERSION = YES_AGGRESSIVE;
				CLANG_CXX_LANGUAGE_STANDARD = "gnu++20";
				CLANG_ENABLE_MODULES = YES;
				CLANG_ENABLE_OBJC_ARC = YES;
				CLANG_ENABLE_OBJC_WEAK = YES;
				CLANG_WARN_BLOCK_CAPTURE_AUTORELEASING = YES;
				CLANG_WARN_BOOL_CONVERSION = YES;
				CLANG_WARN_COMMA = YES;
				CLANG_WARN_CONSTANT_CONVERSION = YES;
				CLANG_WARN_DEPRECATED_OBJC_IMPLEMENTATIONS = YES;
				CLANG_WARN_DIRECT_OBJC_ISA_USAGE = YES_ERROR;
				CLANG_WARN_DOCUMENTATION_COMMENTS = YES;
				CLANG_WARN_EMPTY_BODY = YES;
				CLANG_WARN_ENUM_CONVERSION = YES;
				CLANG_WARN_INFINITE_RECURSION = YES;
				CLANG_WARN_INT_CONVERSION = YES;
				CLANG_WARN_NON_LITERAL_NULL_CONVERSION = YES;
				CLANG_WARN_OBJC_IMPLICIT_RETAIN_SELF = YES;
				CLANG_WARN_OBJC_LITERAL_CONVERSION = YES;
				CLANG_WARN_OBJC_ROOT_CLASS = YES_ERROR;
				CLANG_WARN_QUOTED_INCLUDE_IN_FRAMEWORK_HEADER = YES;
				CLANG_WARN_RANGE_LOOP_ANALYSIS = YES;
				CLANG_WARN_STRICT_PROTOTYPES = YES;
				CLANG_WARN_SUSPICIOUS_MOVE = YES;
				CLANG_WARN_UNGUARDED_AVAILABILITY = YES_AGGRESSIVE;
				CLANG_WARN_UNREACHABLE_CODE = YES;
				CLANG_WARN__DUPLICATE_METHOD_MATCH = YES;
				COPY_PHASE_STRIP = NO;
				DEBUG_INFORMATION_FORMAT = dwarf;
				ENABLE_STRICT_OBJC_MSGSEND = YES;
				ENABLE_TESTABILITY = YES;
				ENABLE_USER_SCRIPT_SANDBOXING = YES;
				GCC_C_LANGUAGE_STANDARD = gnu17;
				GCC_DYNAMIC_NO_PIC = NO;
				GCC_NO_COMMON_BLOCKS = YES;
				GCC_OPTIMIZATION_LEVEL = 0;
				GCC_PREPROCESSOR_DEFINITIONS = (
					"DEBUG=1",
					"$(inherited)",
				);
				GCC_WARN_64_TO_32_BIT_CONVERSION = YES;
				GCC_WARN_ABOUT_RETURN_TYPE = YES_ERROR;
				GCC_WARN_UNDECLARED_SELECTOR = YES;
				GCC_WARN_UNINITIALIZED_AUTOS = YES_AGGRESSIVE;
				GCC_WARN_UNUSED_FUNCTION = YES;
				GCC_WARN_UNUSED_VARIABLE = YES;
				IPHONEOS_DEPLOYMENT_TARGET = 18.2;
				LOCALIZATION_PREFERS_STRING_CATALOGS = YES;
				MTL_ENABLE_DEBUG_INFO = INCLUDE_SOURCE;
				MTL_FAST_MATH = YES;
				ONLY_ACTIVE_ARCH = YES;
				SDKROOT = iphoneos;
				SWIFT_ACTIVE_COMPILATION_CONDITIONS = "DEBUG $(inherited)";
				SWIFT_OPTIMIZATION_LEVEL = "-Onone";
			};
			name = Debug;
		};
		92FB79802DA7C7220090DB07 /* Release */ = {
			isa = XCBuildConfiguration;
			buildSettings = {
				ALWAYS_SEARCH_USER_PATHS = NO;
				ASSETCATALOG_COMPILER_GENERATE_SWIFT_ASSET_SYMBOL_EXTENSIONS = YES;
				CLANG_ANALYZER_NONNULL = YES;
				CLANG_ANALYZER_NUMBER_OBJECT_CONVERSION = YES_AGGRESSIVE;
				CLANG_CXX_LANGUAGE_STANDARD = "gnu++20";
				CLANG_ENABLE_MODULES = YES;
				CLANG_ENABLE_OBJC_ARC = YES;
				CLANG_ENABLE_OBJC_WEAK = YES;
				CLANG_WARN_BLOCK_CAPTURE_AUTORELEASING = YES;
				CLANG_WARN_BOOL_CONVERSION = YES;
				CLANG_WARN_COMMA = YES;
				CLANG_WARN_CONSTANT_CONVERSION = YES;
				CLANG_WARN_DEPRECATED_OBJC_IMPLEMENTATIONS = YES;
				CLANG_WARN_DIRECT_OBJC_ISA_USAGE = YES_ERROR;
				CLANG_WARN_DOCUMENTATION_COMMENTS = YES;
				CLANG_WARN_EMPTY_BODY = YES;
				CLANG_WARN_ENUM_CONVERSION = YES;
				CLANG_WARN_INFINITE_RECURSION = YES;
				CLANG_WARN_INT_CONVERSION = YES;
				CLANG_WARN_NON_LITERAL_NULL_CONVERSION = YES;
				CLANG_WARN_OBJC_IMPLICIT_RETAIN_SELF = YES;
				CLANG_WARN_OBJC_LITERAL_CONVERSION = YES;
				CLANG_WARN_OBJC_ROOT_CLASS = YES_ERROR;
				CLANG_WARN_QUOTED_INCLUDE_IN_FRAMEWORK_HEADER = YES;
				CLANG_WARN_RANGE_LOOP_ANALYSIS = YES;
				CLANG_WARN_STRICT_PROTOTYPES = YES;
				CLANG_WARN_SUSPICIOUS_MOVE = YES;
				CLANG_WARN_UNGUARDED_AVAILABILITY = YES_AGGRESSIVE;
				CLANG_WARN_UNREACHABLE_CODE = YES;
				CLANG_WARN__DUPLICATE_METHOD_MATCH = YES;
				COPY_PHASE_STRIP = NO;
				DEBUG_INFORMATION_FORMAT = "dwarf-with-dsym";
				ENABLE_NS_ASSERTIONS = NO;
				ENABLE_STRICT_OBJC_MSGSEND = YES;
				ENABLE_USER_SCRIPT_SANDBOXING = YES;
				GCC_C_LANGUAGE_STANDARD = gnu17;
				GCC_NO_COMMON_BLOCKS = YES;
				GCC_WARN_64_TO_32_BIT_CONVERSION = YES;
				GCC_WARN_ABOUT_RETURN_TYPE = YES_ERROR;
				GCC_WARN_UNDECLARED_SELECTOR = YES;
				GCC_WARN_UNINITIALIZED_AUTOS = YES_AGGRESSIVE;
				GCC_WARN_UNUSED_FUNCTION = YES;
				GCC_WARN_UNUSED_VARIABLE = YES;
				IPHONEOS_DEPLOYMENT_TARGET = 18.2;
				LOCALIZATION_PREFERS_STRING_CATALOGS = YES;
				MTL_ENABLE_DEBUG_INFO = NO;
				MTL_FAST_MATH = YES;
				SDKROOT = iphoneos;
				SWIFT_COMPILATION_MODE = wholemodule;
				VALIDATE_PRODUCT = YES;
			};
			name = Release;
		};
		92FB79822DA7C7220090DB07 /* Debug */ = {
			isa = XCBuildConfiguration;
			buildSettings = {
				ASSETCATALOG_COMPILER_APPICON_NAME = AppIcon;
				ASSETCATALOG_COMPILER_GLOBAL_ACCENT_COLOR_NAME = AccentColor;
				CODE_SIGN_STYLE = Automatic;
				CURRENT_PROJECT_VERSION = 1;
				DEVELOPMENT_ASSET_PATHS = "\"CartoonMe/Preview Content\"";
				DEVELOPMENT_TEAM = ZT829445M9;
				ENABLE_PREVIEWS = YES;
				GENERATE_INFOPLIST_FILE = YES;
				INFOPLIST_FILE = CartoonMe/Info.plist;
				INFOPLIST_KEY_LSApplicationCategoryType = "public.app-category.graphics-design";
				INFOPLIST_KEY_NSPhotoLibraryUsageDescription = "We use photo Library to upload and save photos";
				INFOPLIST_KEY_NSSupportsLiveActivities = YES;
				INFOPLIST_KEY_NSSupportsLiveActivitiesFrequentUpdates = YES;
				INFOPLIST_KEY_NSUserTrackingUsageDescription = "This identifier will be used to deliver personalized ads to you.";
				INFOPLIST_KEY_UIApplicationSceneManifest_Generation = YES;
				INFOPLIST_KEY_UIApplicationSupportsIndirectInputEvents = YES;
				INFOPLIST_KEY_UILaunchScreen_Generation = YES;
				INFOPLIST_KEY_UISupportedInterfaceOrientations_iPad = "UIInterfaceOrientationPortrait UIInterfaceOrientationPortraitUpsideDown UIInterfaceOrientationLandscapeLeft UIInterfaceOrientationLandscapeRight";
				INFOPLIST_KEY_UISupportedInterfaceOrientations_iPhone = "UIInterfaceOrientationPortrait UIInterfaceOrientationLandscapeLeft UIInterfaceOrientationLandscapeRight";
				IPHONEOS_DEPLOYMENT_TARGET = 17.6;
				LD_RUNPATH_SEARCH_PATHS = (
					"$(inherited)",
					"@executable_path/Frameworks",
				);
				MARKETING_VERSION = 1.0;
				PRODUCT_BUNDLE_IDENTIFIER = com.YuriPetrosyan.CartoonMe;
				PRODUCT_NAME = "$(TARGET_NAME)";
				SWIFT_EMIT_LOC_STRINGS = YES;
				SWIFT_VERSION = 5.0;
				TARGETED_DEVICE_FAMILY = "1,2";
			};
			name = Debug;
		};
		92FB79832DA7C7220090DB07 /* Release */ = {
			isa = XCBuildConfiguration;
			buildSettings = {
				ASSETCATALOG_COMPILER_APPICON_NAME = AppIcon;
				ASSETCATALOG_COMPILER_GLOBAL_ACCENT_COLOR_NAME = AccentColor;
				CODE_SIGN_STYLE = Automatic;
				CURRENT_PROJECT_VERSION = 1;
				DEVELOPMENT_ASSET_PATHS = "\"CartoonMe/Preview Content\"";
				DEVELOPMENT_TEAM = ZT829445M9;
				ENABLE_PREVIEWS = YES;
				GENERATE_INFOPLIST_FILE = YES;
				INFOPLIST_FILE = CartoonMe/Info.plist;
				INFOPLIST_KEY_LSApplicationCategoryType = "public.app-category.graphics-design";
				INFOPLIST_KEY_NSPhotoLibraryUsageDescription = "We use photo Library to upload and save photos";
				INFOPLIST_KEY_NSSupportsLiveActivities = YES;
				INFOPLIST_KEY_NSSupportsLiveActivitiesFrequentUpdates = YES;
				INFOPLIST_KEY_NSUserTrackingUsageDescription = "This identifier will be used to deliver personalized ads to you.";
				INFOPLIST_KEY_UIApplicationSceneManifest_Generation = YES;
				INFOPLIST_KEY_UIApplicationSupportsIndirectInputEvents = YES;
				INFOPLIST_KEY_UILaunchScreen_Generation = YES;
				INFOPLIST_KEY_UISupportedInterfaceOrientations_iPad = "UIInterfaceOrientationPortrait UIInterfaceOrientationPortraitUpsideDown UIInterfaceOrientationLandscapeLeft UIInterfaceOrientationLandscapeRight";
				INFOPLIST_KEY_UISupportedInterfaceOrientations_iPhone = "UIInterfaceOrientationPortrait UIInterfaceOrientationLandscapeLeft UIInterfaceOrientationLandscapeRight";
				IPHONEOS_DEPLOYMENT_TARGET = 17.6;
				LD_RUNPATH_SEARCH_PATHS = (
					"$(inherited)",
					"@executable_path/Frameworks",
				);
				MARKETING_VERSION = 1.0;
				PRODUCT_BUNDLE_IDENTIFIER = com.YuriPetrosyan.CartoonMe;
				PRODUCT_NAME = "$(TARGET_NAME)";
				SWIFT_EMIT_LOC_STRINGS = YES;
				SWIFT_VERSION = 5.0;
				TARGETED_DEVICE_FAMILY = "1,2";
			};
			name = Release;
		};
		92FB79852DA7C7220090DB07 /* Debug */ = {
			isa = XCBuildConfiguration;
			buildSettings = {
				BUNDLE_LOADER = "$(TEST_HOST)";
				CODE_SIGN_STYLE = Automatic;
				CURRENT_PROJECT_VERSION = 1;
				DEVELOPMENT_TEAM = ZT829445M9;
				GENERATE_INFOPLIST_FILE = YES;
				IPHONEOS_DEPLOYMENT_TARGET = 18.2;
				MARKETING_VERSION = 1.0;
				PRODUCT_BUNDLE_IDENTIFIER = com.YuriPetrosyan.CartoonMeTests;
				PRODUCT_NAME = "$(TARGET_NAME)";
				SWIFT_EMIT_LOC_STRINGS = NO;
				SWIFT_VERSION = 5.0;
				TARGETED_DEVICE_FAMILY = "1,2";
				TEST_HOST = "$(BUILT_PRODUCTS_DIR)/CartoonMe.app/$(BUNDLE_EXECUTABLE_FOLDER_PATH)/CartoonMe";
			};
			name = Debug;
		};
		92FB79862DA7C7220090DB07 /* Release */ = {
			isa = XCBuildConfiguration;
			buildSettings = {
				BUNDLE_LOADER = "$(TEST_HOST)";
				CODE_SIGN_STYLE = Automatic;
				CURRENT_PROJECT_VERSION = 1;
				DEVELOPMENT_TEAM = ZT829445M9;
				GENERATE_INFOPLIST_FILE = YES;
				IPHONEOS_DEPLOYMENT_TARGET = 18.2;
				MARKETING_VERSION = 1.0;
				PRODUCT_BUNDLE_IDENTIFIER = com.YuriPetrosyan.CartoonMeTests;
				PRODUCT_NAME = "$(TARGET_NAME)";
				SWIFT_EMIT_LOC_STRINGS = NO;
				SWIFT_VERSION = 5.0;
				TARGETED_DEVICE_FAMILY = "1,2";
				TEST_HOST = "$(BUILT_PRODUCTS_DIR)/CartoonMe.app/$(BUNDLE_EXECUTABLE_FOLDER_PATH)/CartoonMe";
			};
			name = Release;
		};
		92FB79882DA7C7220090DB07 /* Debug */ = {
			isa = XCBuildConfiguration;
			buildSettings = {
				CODE_SIGN_STYLE = Automatic;
				CURRENT_PROJECT_VERSION = 1;
				DEVELOPMENT_TEAM = ZT829445M9;
				GENERATE_INFOPLIST_FILE = YES;
				MARKETING_VERSION = 1.0;
				PRODUCT_BUNDLE_IDENTIFIER = com.YuriPetrosyan.CartoonMeUITests;
				PRODUCT_NAME = "$(TARGET_NAME)";
				SWIFT_EMIT_LOC_STRINGS = NO;
				SWIFT_VERSION = 5.0;
				TARGETED_DEVICE_FAMILY = "1,2";
				TEST_TARGET_NAME = CartoonMe;
			};
			name = Debug;
		};
		92FB79892DA7C7220090DB07 /* Release */ = {
			isa = XCBuildConfiguration;
			buildSettings = {
				CODE_SIGN_STYLE = Automatic;
				CURRENT_PROJECT_VERSION = 1;
				DEVELOPMENT_TEAM = ZT829445M9;
				GENERATE_INFOPLIST_FILE = YES;
				MARKETING_VERSION = 1.0;
				PRODUCT_BUNDLE_IDENTIFIER = com.YuriPetrosyan.CartoonMeUITests;
				PRODUCT_NAME = "$(TARGET_NAME)";
				SWIFT_EMIT_LOC_STRINGS = NO;
				SWIFT_VERSION = 5.0;
				TARGETED_DEVICE_FAMILY = "1,2";
				TEST_TARGET_NAME = CartoonMe;
			};
			name = Release;
		};
/* End XCBuildConfiguration section */

/* Begin XCConfigurationList section */
		920A790A2DDE4CE600A7BC99 /* Build configuration list for PBXNativeTarget "CartoonMeWidgetExtension" */ = {
			isa = XCConfigurationList;
			buildConfigurations = (
				920A79072DDE4CE600A7BC99 /* Debug */,
				920A79082DDE4CE600A7BC99 /* Release */,
			);
			defaultConfigurationIsVisible = 0;
			defaultConfigurationName = Release;
		};
		92FB79582DA7C7200090DB07 /* Build configuration list for PBXProject "CartoonMe" */ = {
			isa = XCConfigurationList;
			buildConfigurations = (
				92FB797F2DA7C7220090DB07 /* Debug */,
				92FB79802DA7C7220090DB07 /* Release */,
			);
			defaultConfigurationIsVisible = 0;
			defaultConfigurationName = Release;
		};
		92FB79812DA7C7220090DB07 /* Build configuration list for PBXNativeTarget "CartoonMe" */ = {
			isa = XCConfigurationList;
			buildConfigurations = (
				92FB79822DA7C7220090DB07 /* Debug */,
				92FB79832DA7C7220090DB07 /* Release */,
			);
			defaultConfigurationIsVisible = 0;
			defaultConfigurationName = Release;
		};
		92FB79842DA7C7220090DB07 /* Build configuration list for PBXNativeTarget "CartoonMeTests" */ = {
			isa = XCConfigurationList;
			buildConfigurations = (
				92FB79852DA7C7220090DB07 /* Debug */,
				92FB79862DA7C7220090DB07 /* Release */,
			);
			defaultConfigurationIsVisible = 0;
			defaultConfigurationName = Release;
		};
		92FB79872DA7C7220090DB07 /* Build configuration list for PBXNativeTarget "CartoonMeUITests" */ = {
			isa = XCConfigurationList;
			buildConfigurations = (
				92FB79882DA7C7220090DB07 /* Debug */,
				92FB79892DA7C7220090DB07 /* Release */,
			);
			defaultConfigurationIsVisible = 0;
			defaultConfigurationName = Release;
		};
/* End XCConfigurationList section */

/* Begin XCRemoteSwiftPackageReference section */
		929E54F82DF4A140005F2B42 /* XCRemoteSwiftPackageReference "swift-package-manager-google-mobile-ads" */ = {
			isa = XCRemoteSwiftPackageReference;
			repositoryURL = "https://github.com/googleads/swift-package-manager-google-mobile-ads";
			requirement = {
				kind = upToNextMajorVersion;
				minimumVersion = 12.5.0;
			};
		};
/* End XCRemoteSwiftPackageReference section */

/* Begin XCSwiftPackageProductDependency section */
		929E54F92DF4A140005F2B42 /* GoogleMobileAds */ = {
			isa = XCSwiftPackageProductDependency;
			package = 929E54F82DF4A140005F2B42 /* XCRemoteSwiftPackageReference "swift-package-manager-google-mobile-ads" */;
			productName = GoogleMobileAds;
		};
/* End XCSwiftPackageProductDependency section */
	};
	rootObject = 92FB79552DA7C7200090DB07 /* Project object */;
}
